
Microsoft Visual Studio Solution File, Format Version 12.00
# Visual Studio Version 16
VisualStudioVersion = 16.0.29201.188
MinimumVisualStudioVersion = 10.0.40219.1
Project("{9A19103F-16F7-4668-BE54-9A1E7A4F7556}") = "CSharp_secp256k1", "CSharp_secp256k1\CSharp_secp256k1.csproj", "{0DCA5F22-D45E-4683-B08A-D9426DAE9C81}"
	ProjectSection(ProjectDependencies) = postProject
		{DB415648-BB8B-41EB-A2CA-20DAE9F8B9A9} = {DB415648-BB8B-41EB-A2CA-20DAE9F8B9A9}
	EndProjectSection
EndProject
Project("{9A19103F-16F7-4668-BE54-9A1E7A4F7556}") = "Console", "Console\Console.csproj", "{A6904363-F7D3-4DEF-935C-851AB2EDC496}"
EndProject
Project("{8BC9CEB8-8B4A-11D0-8D11-00A0C91BC942}") = "secp256k1_dll", "secp256k1_dll\secp256k1_dll.vcxproj", "{DB415648-BB8B-41EB-A2CA-20DAE9F8B9A9}"
EndProject
Global
	GlobalSection(SolutionConfigurationPlatforms) = preSolution
		Debug|x64 = Debug|x64
		Release|x64 = Release|x64
	EndGlobalSection
	GlobalSection(ProjectConfigurationPlatforms) = postSolution
		{0DCA5F22-D45E-4683-B08A-D9426DAE9C81}.Debug|x64.ActiveCfg = Debug|x64
		{0DCA5F22-D45E-4683-B08A-D9426DAE9C81}.Debug|x64.Build.0 = Debug|x64
		{0DCA5F22-D45E-4683-B08A-D9426DAE9C81}.Release|x64.ActiveCfg = Release|x64
		{0DCA5F22-D45E-4683-B08A-D9426DAE9C81}.Release|x64.Build.0 = Release|x64
		{A6904363-F7D3-4DEF-935C-851AB2EDC496}.Debug|x64.ActiveCfg = Debug|x64
		{A6904363-F7D3-4DEF-935C-851AB2EDC496}.Debug|x64.Build.0 = Debug|x64
		{A6904363-F7D3-4DEF-935C-851AB2EDC496}.Release|x64.ActiveCfg = Release|x64
		{A6904363-F7D3-4DEF-935C-851AB2EDC496}.Release|x64.Build.0 = Release|x64
		{DB415648-BB8B-41EB-A2CA-20DAE9F8B9A9}.Debug|x64.ActiveCfg = Debug|x64
		{DB415648-BB8B-41EB-A2CA-20DAE9F8B9A9}.Debug|x64.Build.0 = Debug|x64
		{DB415648-BB8B-41EB-A2CA-20DAE9F8B9A9}.Release|x64.ActiveCfg = Release|x64
		{DB415648-BB8B-41EB-A2CA-20DAE9F8B9A9}.Release|x64.Build.0 = Release|x64
	EndGlobalSection
	GlobalSection(SolutionProperties) = preSolution
		HideSolutionNode = FALSE
	EndGlobalSection
	GlobalSection(ExtensibilityGlobals) = postSolution
		SolutionGuid = {D7662EAB-FD7C-41AE-BEC2-48AA273A13A2}
	EndGlobalSection
EndGlobal
